
Microsoft Visual Studio Solution File, Format Version 12.00
# Visual Studio Version 16
VisualStudioVersion = 16.0.32002.261
MinimumVisualStudioVersion = 10.0.40219.1
Project("{FAE04EC0-301F-11D3-BF4B-00C04F79EFBC}") = "EyewearCompanyDesktopApp", "EyewearCompanyDesktopApp\EyewearCompanyDesktopApp.csproj", "{1285794F-48E6-4FAC-8191-E9F56D309548}"
EndProject
Global
	GlobalSection(SolutionConfigurationPlatforms) = preSolution
		Debug|Any CPU = Debug|Any CPU
		Release|Any CPU = Release|Any CPU
	EndGlobalSection
	GlobalSection(ProjectConfigurationPlatforms) = postSolution
		{1285794F-48E6-4FAC-8191-E9F56D309548}.Debug|Any CPU.ActiveCfg = Debug|Any CPU
		{1285794F-48E6-4FAC-8191-E9F56D309548}.Debug|Any CPU.Build.0 = Debug|Any CPU
		{1285794F-48E6-4FAC-8191-E9F56D309548}.Release|Any CPU.ActiveCfg = Release|Any CPU
		{1285794F-48E6-4FAC-8191-E9F56D309548}.Release|Any CPU.Build.0 = Release|Any CPU
	EndGlobalSection
	GlobalSection(SolutionProperties) = preSolution
		HideSolutionNode = FALSE
	EndGlobalSection
	GlobalSection(ExtensibilityGlobals) = postSolution
		SolutionGuid = {A78915FE-AABB-40C5-9051-A615D41C4232}
	EndGlobalSection
EndGlobal
